// !$*UTF8*$!
{
	archiveVersion = 1;
	classes = {
	};
	objectVersion = 50;
	objects = {

/* Begin PBXBuildFile section */
		85D65D1821F9D3A200384BF0 /* main.cpp in Sources */ = {isa = PBXBuildFile; fileRef = 85D65D1721F9D3A200384BF0 /* main.cpp */; };
		85D65D2921F9D3D100384BF0 /* spin.cpp in Sources */ = {isa = PBXBuildFile; fileRef = 85D65D1E21F9D3D100384BF0 /* spin.cpp */; };
		85D65D2A21F9D3D100384BF0 /* random.cpp in Sources */ = {isa = PBXBuildFile; fileRef = 85D65D2221F9D3D100384BF0 /* random.cpp */; };
		85D65D2B21F9D3D100384BF0 /* vector2D.cpp in Sources */ = {isa = PBXBuildFile; fileRef = 85D65D2421F9D3D100384BF0 /* vector2D.cpp */; };
		85D65D2C21F9D3D100384BF0 /* utils.cpp in Sources */ = {isa = PBXBuildFile; fileRef = 85D65D2521F9D3D100384BF0 /* utils.cpp */; };
		85D65D2D21F9D3D100384BF0 /* cue.cpp in Sources */ = {isa = PBXBuildFile; fileRef = 85D65D2821F9D3D100384BF0 /* cue.cpp */; };
/* End PBXBuildFile section */

/* Begin PBXCopyFilesBuildPhase section */
		85D65D1221F9D3A200384BF0 /* CopyFiles */ = {
			isa = PBXCopyFilesBuildPhase;
			buildActionMask = 2147483647;
			dstPath = /usr/share/man/man1/;
			dstSubfolderSpec = 0;
			files = (
			);
			runOnlyForDeploymentPostprocessing = 1;
		};
/* End PBXCopyFilesBuildPhase section */

/* Begin PBXFileReference section */
		85D65D1421F9D3A200384BF0 /* decision_geometry */ = {isa = PBXFileReference; explicitFileType = "compiled.mach-o.executable"; includeInIndex = 0; path = decision_geometry; sourceTree = BUILT_PRODUCTS_DIR; };
		85D65D1721F9D3A200384BF0 /* main.cpp */ = {isa = PBXFileReference; lastKnownFileType = sourcecode.cpp.cpp; path = main.cpp; sourceTree = "<group>"; };
		85D65D1E21F9D3D100384BF0 /* spin.cpp */ = {isa = PBXFileReference; fileEncoding = 4; lastKnownFileType = sourcecode.cpp.cpp; path = spin.cpp; sourceTree = "<group>"; };
		85D65D1F21F9D3D100384BF0 /* parameteres.h */ = {isa = PBXFileReference; fileEncoding = 4; lastKnownFileType = sourcecode.c.h; path = parameteres.h; sourceTree = "<group>"; };
		85D65D2021F9D3D100384BF0 /* spin.h */ = {isa = PBXFileReference; fileEncoding = 4; lastKnownFileType = sourcecode.c.h; path = spin.h; sourceTree = "<group>"; };
		85D65D2121F9D3D100384BF0 /* cue.h */ = {isa = PBXFileReference; fileEncoding = 4; lastKnownFileType = sourcecode.c.h; path = cue.h; sourceTree = "<group>"; };
		85D65D2221F9D3D100384BF0 /* random.cpp */ = {isa = PBXFileReference; fileEncoding = 4; lastKnownFileType = sourcecode.cpp.cpp; path = random.cpp; sourceTree = "<group>"; };
		85D65D2321F9D3D100384BF0 /* vector2D.h */ = {isa = PBXFileReference; fileEncoding = 4; lastKnownFileType = sourcecode.c.h; path = vector2D.h; sourceTree = "<group>"; };
		85D65D2421F9D3D100384BF0 /* vector2D.cpp */ = {isa = PBXFileReference; fileEncoding = 4; lastKnownFileType = sourcecode.cpp.cpp; path = vector2D.cpp; sourceTree = "<group>"; };
		85D65D2521F9D3D100384BF0 /* utils.cpp */ = {isa = PBXFileReference; fileEncoding = 4; lastKnownFileType = sourcecode.cpp.cpp; path = utils.cpp; sourceTree = "<group>"; };
		85D65D2621F9D3D100384BF0 /* utils.h */ = {isa = PBXFileReference; fileEncoding = 4; lastKnownFileType = sourcecode.c.h; path = utils.h; sourceTree = "<group>"; };
		85D65D2721F9D3D100384BF0 /* random.h */ = {isa = PBXFileReference; fileEncoding = 4; lastKnownFileType = sourcecode.c.h; path = random.h; sourceTree = "<group>"; };
		85D65D2821F9D3D100384BF0 /* cue.cpp */ = {isa = PBXFileReference; fileEncoding = 4; lastKnownFileType = sourcecode.cpp.cpp; path = cue.cpp; sourceTree = "<group>"; };
/* End PBXFileReference section */

/* Begin PBXFrameworksBuildPhase section */
		85D65D1121F9D3A200384BF0 /* Frameworks */ = {
			isa = PBXFrameworksBuildPhase;
			buildActionMask = 2147483647;
			files = (
			);
			runOnlyForDeploymentPostprocessing = 0;
		};
/* End PBXFrameworksBuildPhase section */

/* Begin PBXGroup section */
		85D65D0B21F9D3A200384BF0 = {
			isa = PBXGroup;
			children = (
				85D65D1621F9D3A200384BF0 /* decision_geometry */,
				85D65D1521F9D3A200384BF0 /* Products */,
			);
			sourceTree = "<group>";
		};
		85D65D1521F9D3A200384BF0 /* Products */ = {
			isa = PBXGroup;
			children = (
				85D65D1421F9D3A200384BF0 /* decision_geometry */,
			);
			name = Products;
			sourceTree = "<group>";
		};
		85D65D1621F9D3A200384BF0 /* decision_geometry */ = {
			isa = PBXGroup;
			children = (
				85D65D1721F9D3A200384BF0 /* main.cpp */,
				85D65D2821F9D3D100384BF0 /* cue.cpp */,
				85D65D2121F9D3D100384BF0 /* cue.h */,
				85D65D1F21F9D3D100384BF0 /* parameteres.h */,
				85D65D2221F9D3D100384BF0 /* random.cpp */,
				85D65D2721F9D3D100384BF0 /* random.h */,
				85D65D1E21F9D3D100384BF0 /* spin.cpp */,
				85D65D2021F9D3D100384BF0 /* spin.h */,
				85D65D2521F9D3D100384BF0 /* utils.cpp */,
				85D65D2621F9D3D100384BF0 /* utils.h */,
				85D65D2421F9D3D100384BF0 /* vector2D.cpp */,
				85D65D2321F9D3D100384BF0 /* vector2D.h */,
			);
			path = decision_geometry;
			sourceTree = "<group>";
		};
/* End PBXGroup section */

/* Begin PBXNativeTarget section */
		85D65D1321F9D3A200384BF0 /* decision_geometry */ = {
			isa = PBXNativeTarget;
			buildConfigurationList = 85D65D1B21F9D3A200384BF0 /* Build configuration list for PBXNativeTarget "decision_geometry" */;
			buildPhases = (
				85D65D1021F9D3A200384BF0 /* Sources */,
				85D65D1121F9D3A200384BF0 /* Frameworks */,
				85D65D1221F9D3A200384BF0 /* CopyFiles */,
			);
			buildRules = (
			);
			dependencies = (
			);
			name = decision_geometry;
			productName = decision_geometry;
			productReference = 85D65D1421F9D3A200384BF0 /* decision_geometry */;
			productType = "com.apple.product-type.tool";
		};
/* End PBXNativeTarget section */

/* Begin PBXProject section */
		85D65D0C21F9D3A200384BF0 /* Project object */ = {
			isa = PBXProject;
			attributes = {
				LastUpgradeCheck = 1010;
				ORGANIZATIONNAME = "Vivek Sridhar";
				TargetAttributes = {
					85D65D1321F9D3A200384BF0 = {
						CreatedOnToolsVersion = 10.1;
					};
				};
			};
			buildConfigurationList = 85D65D0F21F9D3A200384BF0 /* Build configuration list for PBXProject "decision_geometry" */;
			compatibilityVersion = "Xcode 9.3";
			developmentRegion = en;
			hasScannedForEncodings = 0;
			knownRegions = (
				en,
			);
			mainGroup = 85D65D0B21F9D3A200384BF0;
			productRefGroup = 85D65D1521F9D3A200384BF0 /* Products */;
			projectDirPath = "";
			projectRoot = "";
			targets = (
				85D65D1321F9D3A200384BF0 /* decision_geometry */,
			);
		};
/* End PBXProject section */

/* Begin PBXSourcesBuildPhase section */
		85D65D1021F9D3A200384BF0 /* Sources */ = {
			isa = PBXSourcesBuildPhase;
			buildActionMask = 2147483647;
			files = (
				85D65D1821F9D3A200384BF0 /* main.cpp in Sources */,
				85D65D2C21F9D3D100384BF0 /* utils.cpp in Sources */,
				85D65D2921F9D3D100384BF0 /* spin.cpp in Sources */,
				85D65D2D21F9D3D100384BF0 /* cue.cpp in Sources */,
				85D65D2B21F9D3D100384BF0 /* vector2D.cpp in Sources */,
				85D65D2A21F9D3D100384BF0 /* random.cpp in Sources */,
			);
			runOnlyForDeploymentPostprocessing = 0;
		};
/* End PBXSourcesBuildPhase section */

/* Begin XCBuildConfiguration section */
		85D65D1921F9D3A200384BF0 /* Debug */ = {
			isa = XCBuildConfiguration;
			buildSettings = {
				ALWAYS_SEARCH_USER_PATHS = NO;
				CLANG_ANALYZER_NONNULL = YES;
				CLANG_ANALYZER_NUMBER_OBJECT_CONVERSION = YES_AGGRESSIVE;
				CLANG_CXX_LANGUAGE_STANDARD = "gnu++14";
				CLANG_CXX_LIBRARY = "libc++";
				CLANG_ENABLE_MODULES = YES;
				CLANG_ENABLE_OBJC_ARC = YES;
				CLANG_ENABLE_OBJC_WEAK = YES;
				CLANG_WARN_BLOCK_CAPTURE_AUTORELEASING = YES;
				CLANG_WARN_BOOL_CONVERSION = YES;
				CLANG_WARN_COMMA = YES;
				CLANG_WARN_CONSTANT_CONVERSION = YES;
				CLANG_WARN_DEPRECATED_OBJC_IMPLEMENTATIONS = YES;
				CLANG_WARN_DIRECT_OBJC_ISA_USAGE = YES_ERROR;
				CLANG_WARN_DOCUMENTATION_COMMENTS = YES;
				CLANG_WARN_EMPTY_BODY = YES;
				CLANG_WARN_ENUM_CONVERSION = YES;
				CLANG_WARN_INFINITE_RECURSION = YES;
				CLANG_WARN_INT_CONVERSION = YES;
				CLANG_WARN_NON_LITERAL_NULL_CONVERSION = YES;
				CLANG_WARN_OBJC_IMPLICIT_RETAIN_SELF = YES;
				CLANG_WARN_OBJC_LITERAL_CONVERSION = YES;
				CLANG_WARN_OBJC_ROOT_CLASS = YES_ERROR;
				CLANG_WARN_RANGE_LOOP_ANALYSIS = YES;
				CLANG_WARN_STRICT_PROTOTYPES = YES;
				CLANG_WARN_SUSPICIOUS_MOVE = YES;
				CLANG_WARN_UNGUARDED_AVAILABILITY = YES_AGGRESSIVE;
				CLANG_WARN_UNREACHABLE_CODE = YES;
				CLANG_WARN__DUPLICATE_METHOD_MATCH = YES;
				CODE_SIGN_IDENTITY = "-";
				COPY_PHASE_STRIP = NO;
				DEBUG_INFORMATION_FORMAT = dwarf;
				ENABLE_STRICT_OBJC_MSGSEND = YES;
				ENABLE_TESTABILITY = YES;
				GCC_C_LANGUAGE_STANDARD = gnu11;
				GCC_DYNAMIC_NO_PIC = NO;
				GCC_NO_COMMON_BLOCKS = YES;
				GCC_OPTIMIZATION_LEVEL = 0;
				GCC_PREPROCESSOR_DEFINITIONS = (
					"DEBUG=1",
					"$(inherited)",
				);
				GCC_WARN_64_TO_32_BIT_CONVERSION = YES;
				GCC_WARN_ABOUT_RETURN_TYPE = YES_ERROR;
				GCC_WARN_UNDECLARED_SELECTOR = YES;
				GCC_WARN_UNINITIALIZED_AUTOS = YES_AGGRESSIVE;
				GCC_WARN_UNUSED_FUNCTION = YES;
				GCC_WARN_UNUSED_VARIABLE = YES;
				MACOSX_DEPLOYMENT_TARGET = 10.14;
				MTL_ENABLE_DEBUG_INFO = INCLUDE_SOURCE;
				MTL_FAST_MATH = YES;
				ONLY_ACTIVE_ARCH = YES;
				SDKROOT = macosx;
			};
			name = Debug;
		};
		85D65D1A21F9D3A200384BF0 /* Release */ = {
			isa = XCBuildConfiguration;
			buildSettings = {
				ALWAYS_SEARCH_USER_PATHS = NO;
				CLANG_ANALYZER_NONNULL = YES;
				CLANG_ANALYZER_NUMBER_OBJECT_CONVERSION = YES_AGGRESSIVE;
				CLANG_CXX_LANGUAGE_STANDARD = "gnu++14";
				CLANG_CXX_LIBRARY = "libc++";
				CLANG_ENABLE_MODULES = YES;
				CLANG_ENABLE_OBJC_ARC = YES;
				CLANG_ENABLE_OBJC_WEAK = YES;
				CLANG_WARN_BLOCK_CAPTURE_AUTORELEASING = YES;
				CLANG_WARN_BOOL_CONVERSION = YES;
				CLANG_WARN_COMMA = YES;
				CLANG_WARN_CONSTANT_CONVERSION = YES;
				CLANG_WARN_DEPRECATED_OBJC_IMPLEMENTATIONS = YES;
				CLANG_WARN_DIRECT_OBJC_ISA_USAGE = YES_ERROR;
				CLANG_WARN_DOCUMENTATION_COMMENTS = YES;
				CLANG_WARN_EMPTY_BODY = YES;
				CLANG_WARN_ENUM_CONVERSION = YES;
				CLANG_WARN_INFINITE_RECURSION = YES;
				CLANG_WARN_INT_CONVERSION = YES;
				CLANG_WARN_NON_LITERAL_NULL_CONVERSION = YES;
				CLANG_WARN_OBJC_IMPLICIT_RETAIN_SELF = YES;
				CLANG_WARN_OBJC_LITERAL_CONVERSION = YES;
				CLANG_WARN_OBJC_ROOT_CLASS = YES_ERROR;
				CLANG_WARN_RANGE_LOOP_ANALYSIS = YES;
				CLANG_WARN_STRICT_PROTOTYPES = YES;
				CLANG_WARN_SUSPICIOUS_MOVE = YES;
				CLANG_WARN_UNGUARDED_AVAILABILITY = YES_AGGRESSIVE;
				CLANG_WARN_UNREACHABLE_CODE = YES;
				CLANG_WARN__DUPLICATE_METHOD_MATCH = YES;
				CODE_SIGN_IDENTITY = "-";
				COPY_PHASE_STRIP = NO;
				DEBUG_INFORMATION_FORMAT = "dwarf-with-dsym";
				ENABLE_NS_ASSERTIONS = NO;
				ENABLE_STRICT_OBJC_MSGSEND = YES;
				GCC_C_LANGUAGE_STANDARD = gnu11;
				GCC_NO_COMMON_BLOCKS = YES;
				GCC_WARN_64_TO_32_BIT_CONVERSION = YES;
				GCC_WARN_ABOUT_RETURN_TYPE = YES_ERROR;
				GCC_WARN_UNDECLARED_SELECTOR = YES;
				GCC_WARN_UNINITIALIZED_AUTOS = YES_AGGRESSIVE;
				GCC_WARN_UNUSED_FUNCTION = YES;
				GCC_WARN_UNUSED_VARIABLE = YES;
				MACOSX_DEPLOYMENT_TARGET = 10.14;
				MTL_ENABLE_DEBUG_INFO = NO;
				MTL_FAST_MATH = YES;
				SDKROOT = macosx;
			};
			name = Release;
		};
		85D65D1C21F9D3A200384BF0 /* Debug */ = {
			isa = XCBuildConfiguration;
			buildSettings = {
				CODE_SIGN_STYLE = Automatic;
				HEADER_SEARCH_PATHS = /usr/local/include;
				LIBRARY_SEARCH_PATHS = /usr/local/lib;
				OTHER_LDFLAGS = (
					"-lopencv_calib3d",
					"-lopencv_core",
					"-lopencv_features2d",
					"-lopencv_flann",
					"-lopencv_highgui",
					"-lopencv_imgcodecs",
					"-lopencv_imgproc",
					"-lopencv_ml",
					"-lopencv_objdetect",
					"-lopencv_photo",
					"-lopencv_shape",
					"-lopencv_stitching",
					"-lopencv_superres",
					"-lopencv_video",
					"-lopencv_videoio",
					"-lopencv_videostab",
				);
				PRODUCT_NAME = "$(TARGET_NAME)";
			};
			name = Debug;
		};
		85D65D1D21F9D3A200384BF0 /* Release */ = {
			isa = XCBuildConfiguration;
			buildSettings = {
				CODE_SIGN_STYLE = Automatic;
				HEADER_SEARCH_PATHS = /usr/local/include;
				LIBRARY_SEARCH_PATHS = /usr/local/lib;
				OTHER_LDFLAGS = (
					"-lopencv_calib3d",
					"-lopencv_core",
					"-lopencv_features2d",
					"-lopencv_flann",
					"-lopencv_highgui",
					"-lopencv_imgcodecs",
					"-lopencv_imgproc",
					"-lopencv_ml",
					"-lopencv_objdetect",
					"-lopencv_photo",
					"-lopencv_shape",
					"-lopencv_stitching",
					"-lopencv_superres",
					"-lopencv_video",
					"-lopencv_videoio",
					"-lopencv_videostab",
				);
				PRODUCT_NAME = "$(TARGET_NAME)";
			};
			name = Release;
		};
/* End XCBuildConfiguration section */

/* Begin XCConfigurationList section */
		85D65D0F21F9D3A200384BF0 /* Build configuration list for PBXProject "decision_geometry" */ = {
			isa = XCConfigurationList;
			buildConfigurations = (
				85D65D1921F9D3A200384BF0 /* Debug */,
				85D65D1A21F9D3A200384BF0 /* Release */,
			);
			defaultConfigurationIsVisible = 0;
			defaultConfigurationName = Release;
		};
		85D65D1B21F9D3A200384BF0 /* Build configuration list for PBXNativeTarget "decision_geometry" */ = {
			isa = XCConfigurationList;
			buildConfigurations = (
				85D65D1C21F9D3A200384BF0 /* Debug */,
				85D65D1D21F9D3A200384BF0 /* Release */,
			);
			defaultConfigurationIsVisible = 0;
			defaultConfigurationName = Release;
		};
/* End XCConfigurationList section */
	};
	rootObject = 85D65D0C21F9D3A200384BF0 /* Project object */;
}
